
Microsoft Visual Studio Solution File, Format Version 12.00
# Visual Studio Version 17
VisualStudioVersion = 17.4.33213.308
MinimumVisualStudioVersion = 10.0.40219.1
Project("{2150E333-8FDC-42A3-9474-1A3956D46DE8}") = "Samples", "Samples", "{52D5D570-3692-40B5-8EBC-3B3E88474061}"
	ProjectSection(SolutionItems) = preProject
		Samples\common.props = Samples\common.props
	EndProjectSection
EndProject
Project("{9A19103F-16F7-4668-BE54-9A1E7A4F7556}") = "Euonia.Sample.Webapi", "Samples\Euonia.Sample.Webapi\Euonia.Sample.Webapi.csproj", "{341F4EC5-AF12-4620-B9BE-C760121B4BB0}"
EndProject
Project("{2150E333-8FDC-42A3-9474-1A3956D46DE8}") = "Solution", "Solution", "{CCE92FDE-593B-4F06-B54A-979DFBB82EDA}"
	ProjectSection(SolutionItems) = preProject
		.editorconfig = .editorconfig
		Directory.Packages.props = Directory.Packages.props
		NuGet.config = NuGet.config
		project.props = project.props
		README.md = README.md
	EndProjectSection
EndProject
Project("{2150E333-8FDC-42A3-9474-1A3956D46DE8}") = "Source", "Source", "{E57A56F3-7BAB-4DB5-9CE8-EC91985A6586}"
	ProjectSection(SolutionItems) = preProject
		Source\common.props = Source\common.props
		Source\resource.props = Source\resource.props
	EndProjectSection
EndProject
Project("{2150E333-8FDC-42A3-9474-1A3956D46DE8}") = "Bus", "Bus", "{273D1F47-F6AF-4ED5-AAB5-977BD9906B2E}"
EndProject
Project("{9A19103F-16F7-4668-BE54-9A1E7A4F7556}") = "Euonia.Bus", "Source\Euonia.Bus\Euonia.Bus.csproj", "{95115BF6-F902-4F50-A8FA-6A0F10D1165A}"
EndProject
Project("{9A19103F-16F7-4668-BE54-9A1E7A4F7556}") = "Euonia.Bus.InMemory", "Source\Euonia.Bus.InMemory\Euonia.Bus.InMemory.csproj", "{C25CE636-1499-48AB-8A20-E6836C81D17B}"
EndProject
Project("{9A19103F-16F7-4668-BE54-9A1E7A4F7556}") = "Euonia.Bus.RabbitMq", "Source\Euonia.Bus.RabbitMq\Euonia.Bus.RabbitMq.csproj", "{0E214E08-A7C0-477D-96D3-0B7C637F9FFC}"
EndProject
Project("{2150E333-8FDC-42A3-9474-1A3956D46DE8}") = "Caching", "Caching", "{5266A26B-DA74-4A22-B660-3BB7F56BE138}"
EndProject
Project("{9A19103F-16F7-4668-BE54-9A1E7A4F7556}") = "Euonia.Caching", "Source\Euonia.Caching\Euonia.Caching.csproj", "{A0C15329-336C-4F47-9C2B-42F3DDE76ABD}"
EndProject
Project("{9A19103F-16F7-4668-BE54-9A1E7A4F7556}") = "Euonia.Caching.Memory", "Source\Euonia.Caching.Memory\Euonia.Caching.Memory.csproj", "{4C7DD1F7-62DD-4D4E-8BA2-2CB73E52D654}"
EndProject
Project("{9A19103F-16F7-4668-BE54-9A1E7A4F7556}") = "Euonia.Caching.Redis", "Source\Euonia.Caching.Redis\Euonia.Caching.Redis.csproj", "{A3342C19-82CD-4FA1-A3FE-E873341B06CB}"
EndProject
Project("{9A19103F-16F7-4668-BE54-9A1E7A4F7556}") = "Euonia.Caching.Runtime", "Source\Euonia.Caching.Runtime\Euonia.Caching.Runtime.csproj", "{F3C31683-EF08-4683-AFD0-C58688D95038}"
EndProject
Project("{2150E333-8FDC-42A3-9474-1A3956D46DE8}") = "Core", "Core", "{5DC17AB4-46C2-4004-93CB-1446201C3AEA}"
EndProject
Project("{9A19103F-16F7-4668-BE54-9A1E7A4F7556}") = "Euonia.Business", "Source\Euonia.Business\Euonia.Business.csproj", "{423B2048-622A-40F6-A671-3DA95C18AEBB}"
EndProject
Project("{9A19103F-16F7-4668-BE54-9A1E7A4F7556}") = "Euonia.Core", "Source\Euonia.Core\Euonia.Core.csproj", "{C4935163-9EE3-453A-9937-8F8DC4B8C4C0}"
EndProject
Project("{9A19103F-16F7-4668-BE54-9A1E7A4F7556}") = "Euonia.Grpc", "Source\Euonia.Grpc\Euonia.Grpc.csproj", "{A87228E8-6FA1-47FC-A70C-5A1519A81032}"
EndProject
Project("{9A19103F-16F7-4668-BE54-9A1E7A4F7556}") = "Euonia.Hosting", "Source\Euonia.Hosting\Euonia.Hosting.csproj", "{3C4A6DFA-2F03-4561-A53F-DBE80A813109}"
EndProject
Project("{9A19103F-16F7-4668-BE54-9A1E7A4F7556}") = "Euonia.Linq", "Source\Euonia.Linq\Euonia.Linq.csproj", "{3D60F886-5D04-4CC4-9DD4-720132392B22}"
EndProject
Project("{9A19103F-16F7-4668-BE54-9A1E7A4F7556}") = "Euonia.Modularity", "Source\Euonia.Modularity\Euonia.Modularity.csproj", "{D8B88CAB-7B7F-4766-86BC-5F91E6CB1EC9}"
EndProject
Project("{9A19103F-16F7-4668-BE54-9A1E7A4F7556}") = "Euonia.Pipeline", "Source\Euonia.Pipeline\Euonia.Pipeline.csproj", "{7F94AEA4-3A16-45FF-BF11-5D1218FFC70C}"
EndProject
Project("{9A19103F-16F7-4668-BE54-9A1E7A4F7556}") = "Euonia.Validation", "Source\Euonia.Validation\Euonia.Validation.csproj", "{24A68EB8-365C-4F76-9B7C-46E3F809BDE8}"
EndProject
Project("{9A19103F-16F7-4668-BE54-9A1E7A4F7556}") = "Euonia.Quartz", "Source\Euonia.Quartz\Euonia.Quartz.csproj", "{37AFC208-715F-44A4-97F4-C5A604E8694A}"
EndProject
Project("{2150E333-8FDC-42A3-9474-1A3956D46DE8}") = "DDD", "DDD", "{31F25250-7CF1-4D9B-B2DF-0B7050D88E54}"
EndProject
Project("{9A19103F-16F7-4668-BE54-9A1E7A4F7556}") = "Euonia.Application", "Source\Euonia.Application\Euonia.Application.csproj", "{DF98858F-104D-4AD8-B755-EDF6517E72B9}"
EndProject
Project("{9A19103F-16F7-4668-BE54-9A1E7A4F7556}") = "Euonia.Domain", "Source\Euonia.Domain\Euonia.Domain.csproj", "{02B77A60-9CCD-4DC4-9A8D-02981E8DA730}"
EndProject
Project("{9A19103F-16F7-4668-BE54-9A1E7A4F7556}") = "Euonia.Repository", "Source\Euonia.Repository\Euonia.Repository.csproj", "{7AC38D77-C271-4775-823B-767B56DE0646}"
EndProject
Project("{9A19103F-16F7-4668-BE54-9A1E7A4F7556}") = "Euonia.Repository.EfCore", "Source\Euonia.Repository.EfCore\Euonia.Repository.EfCore.csproj", "{21CF6488-2099-4C54-8AF5-E36B04FB8689}"
EndProject
Project("{9A19103F-16F7-4668-BE54-9A1E7A4F7556}") = "Euonia.Repository.Mongo", "Source\Euonia.Repository.Mongo\Euonia.Repository.Mongo.csproj", "{B192D033-A8A2-4431-9486-949C9A1BA0FD}"
EndProject
Project("{2150E333-8FDC-42A3-9474-1A3956D46DE8}") = "Mapping", "Mapping", "{EC2CD9F4-1B22-43D9-B6FB-45DF746F6445}"
EndProject
Project("{9A19103F-16F7-4668-BE54-9A1E7A4F7556}") = "Euonia.Mapping", "Source\Euonia.Mapping\Euonia.Mapping.csproj", "{FDB770F9-C620-4533-9505-B565184D6F46}"
EndProject
Project("{9A19103F-16F7-4668-BE54-9A1E7A4F7556}") = "Euonia.Mapping.Automapper", "Source\Euonia.Mapping.Automapper\Euonia.Mapping.Automapper.csproj", "{2A2C5AE9-0811-469D-8884-A50BE428AB7C}"
EndProject
Project("{9A19103F-16F7-4668-BE54-9A1E7A4F7556}") = "Euonia.Mapping.Mapster", "Source\Euonia.Mapping.Mapster\Euonia.Mapping.Mapster.csproj", "{EB6CDFD4-47F5-4B1B-9A7C-EF7481B815FF}"
EndProject
Project("{2150E333-8FDC-42A3-9474-1A3956D46DE8}") = "Threading", "Threading", "{5EEB0F25-5A4E-4A68-975C-53E42A959621}"
EndProject
Project("{9A19103F-16F7-4668-BE54-9A1E7A4F7556}") = "Euonia.Threading", "Source\Euonia.Threading\Euonia.Threading.csproj", "{D71E9924-333D-4417-8FB6-BAB1533C420A}"
EndProject
Project("{9A19103F-16F7-4668-BE54-9A1E7A4F7556}") = "Euonia.Threading.Redis", "Source\Euonia.Threading.Redis\Euonia.Threading.Redis.csproj", "{5FF78A05-D3B8-4E4E-891C-C4F14E9D2BCD}"
EndProject
Project("{9A19103F-16F7-4668-BE54-9A1E7A4F7556}") = "Euonia.Threading.Azure", "Source\Euonia.Threading.Azure\Euonia.Threading.Azure.csproj", "{667DC49A-C0A9-46B3-9C0B-6BE2E9EFD4D2}"
EndProject
Project("{9A19103F-16F7-4668-BE54-9A1E7A4F7556}") = "Euonia.Threading.FileSystem", "Source\Euonia.Threading.FileSystem\Euonia.Threading.FileSystem.csproj", "{AC00CE1D-A54D-4243-9762-49A33CF4548B}"
EndProject
Project("{9A19103F-16F7-4668-BE54-9A1E7A4F7556}") = "Euonia.Threading.ZooKeeper", "Source\Euonia.Threading.ZooKeeper\Euonia.Threading.ZooKeeper.csproj", "{0DADDE7F-28D9-43B3-8CC5-88BBE887CBD9}"
EndProject
Project("{2150E333-8FDC-42A3-9474-1A3956D46DE8}") = "Tests", "Tests", "{E048931D-EC51-448A-A737-3C62CF100813}"
	ProjectSection(SolutionItems) = preProject
		Tests\common.props = Tests\common.props
	EndProjectSection
EndProject
Project("{2150E333-8FDC-42A3-9474-1A3956D46DE8}") = "Caching", "Caching", "{2673555B-2E7C-417B-8D1A-25F3FE05A141}"
EndProject
Project("{D954291E-2A0B-460D-934E-DC6B0785DB48}") = "Euonia.Caching.Tests.Shared", "Tests\Euonia.Caching.Tests.Shared\Euonia.Caching.Tests.Shared.shproj", "{4A28CD6B-0C75-4D39-B613-66DE6B693675}"
EndProject
Project("{9A19103F-16F7-4668-BE54-9A1E7A4F7556}") = "Euonia.Caching.Runtime.Tests", "Tests\Euonia.Caching.Runtime.Tests\Euonia.Caching.Runtime.Tests.csproj", "{EFA1CD9D-4B53-483C-BF9D-F21B9B2C6FDE}"
EndProject
Project("{9A19103F-16F7-4668-BE54-9A1E7A4F7556}") = "Euonia.Caching.Default.Tests", "Tests\Euonia.Caching.Default.Tests\Euonia.Caching.Default.Tests.csproj", "{ACACF41C-B5CB-4C9F-B378-3F15ED15F1D1}"
EndProject
Project("{9A19103F-16F7-4668-BE54-9A1E7A4F7556}") = "Euonia.Caching.Memory.Tests", "Tests\Euonia.Caching.Memory.Tests\Euonia.Caching.Memory.Tests.csproj", "{F827303E-92C2-46D3-BD8A-50DB8885E6CE}"
EndProject
Project("{2150E333-8FDC-42A3-9474-1A3956D46DE8}") = "Mapping", "Mapping", "{0A6E75E4-2AD5-49F3-9120-467A71B471B0}"
EndProject
Project("{9A19103F-16F7-4668-BE54-9A1E7A4F7556}") = "Euonia.Mapping.Mapster.Tests", "Tests\Euonia.Mapping.Mapster.Tests\Euonia.Mapping.Mapster.Tests.csproj", "{4C27EEEF-6837-47BA-BB5C-B0E96FA3504D}"
EndProject
Project("{9A19103F-16F7-4668-BE54-9A1E7A4F7556}") = "Euonia.Mapping.Automapper.Tests", "Tests\Euonia.Mapping.Automapper.Tests\Euonia.Mapping.Automapper.Tests.csproj", "{34B067D7-7126-4B02-A4E8-E1AFC77F3485}"
EndProject
Project("{D954291E-2A0B-460D-934E-DC6B0785DB48}") = "Euonia.Mapping.Tests.Shared", "Tests\Euonia.Mapping.Tests.Shared\Euonia.Mapping.Tests.Shared.shproj", "{DE31E135-48A1-40D8-AFEF-768CEBB4819A}"
EndProject
Project("{9A19103F-16F7-4668-BE54-9A1E7A4F7556}") = "Euonia.Core.Tests", "Tests\Euonia.Core.Tests\Euonia.Core.Tests.csproj", "{81D1403E-24B7-47DD-BD55-1D22B8E7756B}"
EndProject
Project("{9A19103F-16F7-4668-BE54-9A1E7A4F7556}") = "Euonia.Bus.ActiveMq", "Source\Euonia.Bus.ActiveMq\Euonia.Bus.ActiveMq.csproj", "{EFABA5DF-BD24-4880-A9FE-242AACF5B599}"
EndProject
Project("{9A19103F-16F7-4668-BE54-9A1E7A4F7556}") = "Euonia.Bus.Abstract", "Source\Euonia.Bus.Abstract\Euonia.Bus.Abstract.csproj", "{31CDB3D0-A7CE-435F-A2A8-CD5F9E7EB8B2}"
EndProject
Project("{2150E333-8FDC-42A3-9474-1A3956D46DE8}") = "Bus", "Bus", "{66B49F2D-FBC6-45A0-82B0-A099CABD37C6}"
EndProject
Project("{9A19103F-16F7-4668-BE54-9A1E7A4F7556}") = "Euonia.Bus.Tests", "Tests\Euonia.Bus.Tests\Euonia.Bus.Tests.csproj", "{F7ABE0BA-9659-4975-B03D-C383CA13B3D2}"
EndProject
Project("{9A19103F-16F7-4668-BE54-9A1E7A4F7556}") = "Euonia.Bus.InMemory.Tests", "Tests\Euonia.Bus.InMemory.Tests\Euonia.Bus.InMemory.Tests.csproj", "{AA073AAD-9290-4D55-BFF1-DC1B3357FF8B}"
EndProject
Project("{9A19103F-16F7-4668-BE54-9A1E7A4F7556}") = "Euonia.Bus.RabbitMq.Tests", "Tests\Euonia.Bus.RabbitMq.Tests\Euonia.Bus.RabbitMq.Tests.csproj", "{C1262DAB-43DB-480A-8064-634C50872258}"
EndProject
Project("{D954291E-2A0B-460D-934E-DC6B0785DB48}") = "Euonia.Bus.Tests.Shared", "Tests\Euonia.Bus.Tests.Shared\Euonia.Bus.Tests.Shared.shproj", "{B2B6A902-17A7-4926-9B7F-22DE8A092231}"
EndProject
Project("{FAE04EC0-301F-11D3-BF4B-00C04F79EFBC}") = "Euonia.Hosting.Serilog", "Source\Euonia.Hosting.Serilog\Euonia.Hosting.Serilog.csproj", "{49969510-E0E4-4DF4-95F8-8B334CA9C5C6}"
EndProject
Project("{FAE04EC0-301F-11D3-BF4B-00C04F79EFBC}") = "Euonia.Business.Tests", "Tests\Euonia.Business.Tests\Euonia.Business.Tests.csproj", "{F6508A78-064F-4FB6-ABD6-7C43C7AB5A96}"
EndProject
Global
	GlobalSection(SolutionConfigurationPlatforms) = preSolution
		Debug|Any CPU = Debug|Any CPU
		Product|Any CPU = Product|Any CPU
		Release|Any CPU = Release|Any CPU
	EndGlobalSection
	GlobalSection(ProjectConfigurationPlatforms) = postSolution
		{341F4EC5-AF12-4620-B9BE-C760121B4BB0}.Debug|Any CPU.ActiveCfg = Debug|Any CPU
		{341F4EC5-AF12-4620-B9BE-C760121B4BB0}.Debug|Any CPU.Build.0 = Debug|Any CPU
		{341F4EC5-AF12-4620-B9BE-C760121B4BB0}.Product|Any CPU.ActiveCfg = Debug|Any CPU
		{341F4EC5-AF12-4620-B9BE-C760121B4BB0}.Product|Any CPU.Build.0 = Debug|Any CPU
		{341F4EC5-AF12-4620-B9BE-C760121B4BB0}.Release|Any CPU.ActiveCfg = Release|Any CPU
		{341F4EC5-AF12-4620-B9BE-C760121B4BB0}.Release|Any CPU.Build.0 = Release|Any CPU
		{95115BF6-F902-4F50-A8FA-6A0F10D1165A}.Debug|Any CPU.ActiveCfg = Debug|Any CPU
		{95115BF6-F902-4F50-A8FA-6A0F10D1165A}.Debug|Any CPU.Build.0 = Debug|Any CPU
		{95115BF6-F902-4F50-A8FA-6A0F10D1165A}.Product|Any CPU.ActiveCfg = Debug|Any CPU
		{95115BF6-F902-4F50-A8FA-6A0F10D1165A}.Product|Any CPU.Build.0 = Debug|Any CPU
		{95115BF6-F902-4F50-A8FA-6A0F10D1165A}.Release|Any CPU.ActiveCfg = Release|Any CPU
		{95115BF6-F902-4F50-A8FA-6A0F10D1165A}.Release|Any CPU.Build.0 = Release|Any CPU
		{C25CE636-1499-48AB-8A20-E6836C81D17B}.Debug|Any CPU.ActiveCfg = Debug|Any CPU
		{C25CE636-1499-48AB-8A20-E6836C81D17B}.Debug|Any CPU.Build.0 = Debug|Any CPU
		{C25CE636-1499-48AB-8A20-E6836C81D17B}.Product|Any CPU.ActiveCfg = Debug|Any CPU
		{C25CE636-1499-48AB-8A20-E6836C81D17B}.Product|Any CPU.Build.0 = Debug|Any CPU
		{C25CE636-1499-48AB-8A20-E6836C81D17B}.Release|Any CPU.ActiveCfg = Release|Any CPU
		{C25CE636-1499-48AB-8A20-E6836C81D17B}.Release|Any CPU.Build.0 = Release|Any CPU
		{0E214E08-A7C0-477D-96D3-0B7C637F9FFC}.Debug|Any CPU.ActiveCfg = Debug|Any CPU
		{0E214E08-A7C0-477D-96D3-0B7C637F9FFC}.Debug|Any CPU.Build.0 = Debug|Any CPU
		{0E214E08-A7C0-477D-96D3-0B7C637F9FFC}.Product|Any CPU.ActiveCfg = Debug|Any CPU
		{0E214E08-A7C0-477D-96D3-0B7C637F9FFC}.Product|Any CPU.Build.0 = Debug|Any CPU
		{0E214E08-A7C0-477D-96D3-0B7C637F9FFC}.Release|Any CPU.ActiveCfg = Release|Any CPU
		{0E214E08-A7C0-477D-96D3-0B7C637F9FFC}.Release|Any CPU.Build.0 = Release|Any CPU
		{A0C15329-336C-4F47-9C2B-42F3DDE76ABD}.Debug|Any CPU.ActiveCfg = Debug|Any CPU
		{A0C15329-336C-4F47-9C2B-42F3DDE76ABD}.Debug|Any CPU.Build.0 = Debug|Any CPU
		{A0C15329-336C-4F47-9C2B-42F3DDE76ABD}.Product|Any CPU.ActiveCfg = Product|Any CPU
		{A0C15329-336C-4F47-9C2B-42F3DDE76ABD}.Product|Any CPU.Build.0 = Product|Any CPU
		{A0C15329-336C-4F47-9C2B-42F3DDE76ABD}.Release|Any CPU.ActiveCfg = Release|Any CPU
		{A0C15329-336C-4F47-9C2B-42F3DDE76ABD}.Release|Any CPU.Build.0 = Release|Any CPU
		{4C7DD1F7-62DD-4D4E-8BA2-2CB73E52D654}.Debug|Any CPU.ActiveCfg = Debug|Any CPU
		{4C7DD1F7-62DD-4D4E-8BA2-2CB73E52D654}.Debug|Any CPU.Build.0 = Debug|Any CPU
		{4C7DD1F7-62DD-4D4E-8BA2-2CB73E52D654}.Product|Any CPU.ActiveCfg = Debug|Any CPU
		{4C7DD1F7-62DD-4D4E-8BA2-2CB73E52D654}.Product|Any CPU.Build.0 = Debug|Any CPU
		{4C7DD1F7-62DD-4D4E-8BA2-2CB73E52D654}.Release|Any CPU.ActiveCfg = Release|Any CPU
		{4C7DD1F7-62DD-4D4E-8BA2-2CB73E52D654}.Release|Any CPU.Build.0 = Release|Any CPU
		{A3342C19-82CD-4FA1-A3FE-E873341B06CB}.Debug|Any CPU.ActiveCfg = Debug|Any CPU
		{A3342C19-82CD-4FA1-A3FE-E873341B06CB}.Debug|Any CPU.Build.0 = Debug|Any CPU
		{A3342C19-82CD-4FA1-A3FE-E873341B06CB}.Product|Any CPU.ActiveCfg = Product|Any CPU
		{A3342C19-82CD-4FA1-A3FE-E873341B06CB}.Product|Any CPU.Build.0 = Product|Any CPU
		{A3342C19-82CD-4FA1-A3FE-E873341B06CB}.Release|Any CPU.ActiveCfg = Release|Any CPU
		{A3342C19-82CD-4FA1-A3FE-E873341B06CB}.Release|Any CPU.Build.0 = Release|Any CPU
		{F3C31683-EF08-4683-AFD0-C58688D95038}.Debug|Any CPU.ActiveCfg = Debug|Any CPU
		{F3C31683-EF08-4683-AFD0-C58688D95038}.Debug|Any CPU.Build.0 = Debug|Any CPU
		{F3C31683-EF08-4683-AFD0-C58688D95038}.Product|Any CPU.ActiveCfg = Debug|Any CPU
		{F3C31683-EF08-4683-AFD0-C58688D95038}.Product|Any CPU.Build.0 = Debug|Any CPU
		{F3C31683-EF08-4683-AFD0-C58688D95038}.Release|Any CPU.ActiveCfg = Release|Any CPU
		{F3C31683-EF08-4683-AFD0-C58688D95038}.Release|Any CPU.Build.0 = Release|Any CPU
		{423B2048-622A-40F6-A671-3DA95C18AEBB}.Debug|Any CPU.ActiveCfg = Debug|Any CPU
		{423B2048-622A-40F6-A671-3DA95C18AEBB}.Debug|Any CPU.Build.0 = Debug|Any CPU
		{423B2048-622A-40F6-A671-3DA95C18AEBB}.Product|Any CPU.ActiveCfg = Product|Any CPU
		{423B2048-622A-40F6-A671-3DA95C18AEBB}.Product|Any CPU.Build.0 = Product|Any CPU
		{423B2048-622A-40F6-A671-3DA95C18AEBB}.Release|Any CPU.ActiveCfg = Release|Any CPU
		{423B2048-622A-40F6-A671-3DA95C18AEBB}.Release|Any CPU.Build.0 = Release|Any CPU
		{C4935163-9EE3-453A-9937-8F8DC4B8C4C0}.Debug|Any CPU.ActiveCfg = Debug|Any CPU
		{C4935163-9EE3-453A-9937-8F8DC4B8C4C0}.Debug|Any CPU.Build.0 = Debug|Any CPU
		{C4935163-9EE3-453A-9937-8F8DC4B8C4C0}.Product|Any CPU.ActiveCfg = Product|Any CPU
		{C4935163-9EE3-453A-9937-8F8DC4B8C4C0}.Product|Any CPU.Build.0 = Product|Any CPU
		{C4935163-9EE3-453A-9937-8F8DC4B8C4C0}.Release|Any CPU.ActiveCfg = Release|Any CPU
		{C4935163-9EE3-453A-9937-8F8DC4B8C4C0}.Release|Any CPU.Build.0 = Release|Any CPU
		{A87228E8-6FA1-47FC-A70C-5A1519A81032}.Debug|Any CPU.ActiveCfg = Debug|Any CPU
		{A87228E8-6FA1-47FC-A70C-5A1519A81032}.Debug|Any CPU.Build.0 = Debug|Any CPU
		{A87228E8-6FA1-47FC-A70C-5A1519A81032}.Product|Any CPU.ActiveCfg = Debug|Any CPU
		{A87228E8-6FA1-47FC-A70C-5A1519A81032}.Product|Any CPU.Build.0 = Debug|Any CPU
		{A87228E8-6FA1-47FC-A70C-5A1519A81032}.Release|Any CPU.ActiveCfg = Release|Any CPU
		{A87228E8-6FA1-47FC-A70C-5A1519A81032}.Release|Any CPU.Build.0 = Release|Any CPU
		{3C4A6DFA-2F03-4561-A53F-DBE80A813109}.Debug|Any CPU.ActiveCfg = Debug|Any CPU
		{3C4A6DFA-2F03-4561-A53F-DBE80A813109}.Debug|Any CPU.Build.0 = Debug|Any CPU
		{3C4A6DFA-2F03-4561-A53F-DBE80A813109}.Product|Any CPU.ActiveCfg = Debug|Any CPU
		{3C4A6DFA-2F03-4561-A53F-DBE80A813109}.Product|Any CPU.Build.0 = Debug|Any CPU
		{3C4A6DFA-2F03-4561-A53F-DBE80A813109}.Release|Any CPU.ActiveCfg = Release|Any CPU
		{3C4A6DFA-2F03-4561-A53F-DBE80A813109}.Release|Any CPU.Build.0 = Release|Any CPU
		{3D60F886-5D04-4CC4-9DD4-720132392B22}.Debug|Any CPU.ActiveCfg = Debug|Any CPU
		{3D60F886-5D04-4CC4-9DD4-720132392B22}.Debug|Any CPU.Build.0 = Debug|Any CPU
		{3D60F886-5D04-4CC4-9DD4-720132392B22}.Product|Any CPU.ActiveCfg = Debug|Any CPU
		{3D60F886-5D04-4CC4-9DD4-720132392B22}.Product|Any CPU.Build.0 = Debug|Any CPU
		{3D60F886-5D04-4CC4-9DD4-720132392B22}.Release|Any CPU.ActiveCfg = Release|Any CPU
		{3D60F886-5D04-4CC4-9DD4-720132392B22}.Release|Any CPU.Build.0 = Release|Any CPU
		{D8B88CAB-7B7F-4766-86BC-5F91E6CB1EC9}.Debug|Any CPU.ActiveCfg = Debug|Any CPU
		{D8B88CAB-7B7F-4766-86BC-5F91E6CB1EC9}.Debug|Any CPU.Build.0 = Debug|Any CPU
		{D8B88CAB-7B7F-4766-86BC-5F91E6CB1EC9}.Product|Any CPU.ActiveCfg = Debug|Any CPU
		{D8B88CAB-7B7F-4766-86BC-5F91E6CB1EC9}.Product|Any CPU.Build.0 = Debug|Any CPU
		{D8B88CAB-7B7F-4766-86BC-5F91E6CB1EC9}.Release|Any CPU.ActiveCfg = Release|Any CPU
		{D8B88CAB-7B7F-4766-86BC-5F91E6CB1EC9}.Release|Any CPU.Build.0 = Release|Any CPU
		{7F94AEA4-3A16-45FF-BF11-5D1218FFC70C}.Debug|Any CPU.ActiveCfg = Debug|Any CPU
		{7F94AEA4-3A16-45FF-BF11-5D1218FFC70C}.Debug|Any CPU.Build.0 = Debug|Any CPU
		{7F94AEA4-3A16-45FF-BF11-5D1218FFC70C}.Product|Any CPU.ActiveCfg = Debug|Any CPU
		{7F94AEA4-3A16-45FF-BF11-5D1218FFC70C}.Product|Any CPU.Build.0 = Debug|Any CPU
		{7F94AEA4-3A16-45FF-BF11-5D1218FFC70C}.Release|Any CPU.ActiveCfg = Release|Any CPU
		{7F94AEA4-3A16-45FF-BF11-5D1218FFC70C}.Release|Any CPU.Build.0 = Release|Any CPU
		{24A68EB8-365C-4F76-9B7C-46E3F809BDE8}.Debug|Any CPU.ActiveCfg = Debug|Any CPU
		{24A68EB8-365C-4F76-9B7C-46E3F809BDE8}.Debug|Any CPU.Build.0 = Debug|Any CPU
		{24A68EB8-365C-4F76-9B7C-46E3F809BDE8}.Product|Any CPU.ActiveCfg = Product|Any CPU
		{24A68EB8-365C-4F76-9B7C-46E3F809BDE8}.Product|Any CPU.Build.0 = Product|Any CPU
		{24A68EB8-365C-4F76-9B7C-46E3F809BDE8}.Release|Any CPU.ActiveCfg = Release|Any CPU
		{24A68EB8-365C-4F76-9B7C-46E3F809BDE8}.Release|Any CPU.Build.0 = Release|Any CPU
		{37AFC208-715F-44A4-97F4-C5A604E8694A}.Debug|Any CPU.ActiveCfg = Debug|Any CPU
		{37AFC208-715F-44A4-97F4-C5A604E8694A}.Debug|Any CPU.Build.0 = Debug|Any CPU
		{37AFC208-715F-44A4-97F4-C5A604E8694A}.Product|Any CPU.ActiveCfg = Debug|Any CPU
		{37AFC208-715F-44A4-97F4-C5A604E8694A}.Product|Any CPU.Build.0 = Debug|Any CPU
		{37AFC208-715F-44A4-97F4-C5A604E8694A}.Release|Any CPU.ActiveCfg = Release|Any CPU
		{37AFC208-715F-44A4-97F4-C5A604E8694A}.Release|Any CPU.Build.0 = Release|Any CPU
		{DF98858F-104D-4AD8-B755-EDF6517E72B9}.Debug|Any CPU.ActiveCfg = Debug|Any CPU
		{DF98858F-104D-4AD8-B755-EDF6517E72B9}.Debug|Any CPU.Build.0 = Debug|Any CPU
		{DF98858F-104D-4AD8-B755-EDF6517E72B9}.Product|Any CPU.ActiveCfg = Debug|Any CPU
		{DF98858F-104D-4AD8-B755-EDF6517E72B9}.Product|Any CPU.Build.0 = Debug|Any CPU
		{DF98858F-104D-4AD8-B755-EDF6517E72B9}.Release|Any CPU.ActiveCfg = Release|Any CPU
		{DF98858F-104D-4AD8-B755-EDF6517E72B9}.Release|Any CPU.Build.0 = Release|Any CPU
		{02B77A60-9CCD-4DC4-9A8D-02981E8DA730}.Debug|Any CPU.ActiveCfg = Debug|Any CPU
		{02B77A60-9CCD-4DC4-9A8D-02981E8DA730}.Debug|Any CPU.Build.0 = Debug|Any CPU
		{02B77A60-9CCD-4DC4-9A8D-02981E8DA730}.Product|Any CPU.ActiveCfg = Debug|Any CPU
		{02B77A60-9CCD-4DC4-9A8D-02981E8DA730}.Product|Any CPU.Build.0 = Debug|Any CPU
		{02B77A60-9CCD-4DC4-9A8D-02981E8DA730}.Release|Any CPU.ActiveCfg = Release|Any CPU
		{02B77A60-9CCD-4DC4-9A8D-02981E8DA730}.Release|Any CPU.Build.0 = Release|Any CPU
		{7AC38D77-C271-4775-823B-767B56DE0646}.Debug|Any CPU.ActiveCfg = Debug|Any CPU
		{7AC38D77-C271-4775-823B-767B56DE0646}.Debug|Any CPU.Build.0 = Debug|Any CPU
		{7AC38D77-C271-4775-823B-767B56DE0646}.Product|Any CPU.ActiveCfg = Debug|Any CPU
		{7AC38D77-C271-4775-823B-767B56DE0646}.Product|Any CPU.Build.0 = Debug|Any CPU
		{7AC38D77-C271-4775-823B-767B56DE0646}.Release|Any CPU.ActiveCfg = Release|Any CPU
		{7AC38D77-C271-4775-823B-767B56DE0646}.Release|Any CPU.Build.0 = Release|Any CPU
		{21CF6488-2099-4C54-8AF5-E36B04FB8689}.Debug|Any CPU.ActiveCfg = Debug|Any CPU
		{21CF6488-2099-4C54-8AF5-E36B04FB8689}.Debug|Any CPU.Build.0 = Debug|Any CPU
		{21CF6488-2099-4C54-8AF5-E36B04FB8689}.Product|Any CPU.ActiveCfg = Debug|Any CPU
		{21CF6488-2099-4C54-8AF5-E36B04FB8689}.Product|Any CPU.Build.0 = Debug|Any CPU
		{21CF6488-2099-4C54-8AF5-E36B04FB8689}.Release|Any CPU.ActiveCfg = Release|Any CPU
		{21CF6488-2099-4C54-8AF5-E36B04FB8689}.Release|Any CPU.Build.0 = Release|Any CPU
		{B192D033-A8A2-4431-9486-949C9A1BA0FD}.Debug|Any CPU.ActiveCfg = Debug|Any CPU
		{B192D033-A8A2-4431-9486-949C9A1BA0FD}.Debug|Any CPU.Build.0 = Debug|Any CPU
		{B192D033-A8A2-4431-9486-949C9A1BA0FD}.Product|Any CPU.ActiveCfg = Debug|Any CPU
		{B192D033-A8A2-4431-9486-949C9A1BA0FD}.Product|Any CPU.Build.0 = Debug|Any CPU
		{B192D033-A8A2-4431-9486-949C9A1BA0FD}.Release|Any CPU.ActiveCfg = Release|Any CPU
		{B192D033-A8A2-4431-9486-949C9A1BA0FD}.Release|Any CPU.Build.0 = Release|Any CPU
		{FDB770F9-C620-4533-9505-B565184D6F46}.Debug|Any CPU.ActiveCfg = Debug|Any CPU
		{FDB770F9-C620-4533-9505-B565184D6F46}.Debug|Any CPU.Build.0 = Debug|Any CPU
		{FDB770F9-C620-4533-9505-B565184D6F46}.Product|Any CPU.ActiveCfg = Product|Any CPU
		{FDB770F9-C620-4533-9505-B565184D6F46}.Product|Any CPU.Build.0 = Product|Any CPU
		{FDB770F9-C620-4533-9505-B565184D6F46}.Release|Any CPU.ActiveCfg = Release|Any CPU
		{FDB770F9-C620-4533-9505-B565184D6F46}.Release|Any CPU.Build.0 = Release|Any CPU
		{2A2C5AE9-0811-469D-8884-A50BE428AB7C}.Debug|Any CPU.ActiveCfg = Debug|Any CPU
		{2A2C5AE9-0811-469D-8884-A50BE428AB7C}.Debug|Any CPU.Build.0 = Debug|Any CPU
		{2A2C5AE9-0811-469D-8884-A50BE428AB7C}.Product|Any CPU.ActiveCfg = Debug|Any CPU
		{2A2C5AE9-0811-469D-8884-A50BE428AB7C}.Product|Any CPU.Build.0 = Debug|Any CPU
		{2A2C5AE9-0811-469D-8884-A50BE428AB7C}.Release|Any CPU.ActiveCfg = Release|Any CPU
		{2A2C5AE9-0811-469D-8884-A50BE428AB7C}.Release|Any CPU.Build.0 = Release|Any CPU
		{EB6CDFD4-47F5-4B1B-9A7C-EF7481B815FF}.Debug|Any CPU.ActiveCfg = Debug|Any CPU
		{EB6CDFD4-47F5-4B1B-9A7C-EF7481B815FF}.Debug|Any CPU.Build.0 = Debug|Any CPU
		{EB6CDFD4-47F5-4B1B-9A7C-EF7481B815FF}.Product|Any CPU.ActiveCfg = Debug|Any CPU
		{EB6CDFD4-47F5-4B1B-9A7C-EF7481B815FF}.Product|Any CPU.Build.0 = Debug|Any CPU
		{EB6CDFD4-47F5-4B1B-9A7C-EF7481B815FF}.Release|Any CPU.ActiveCfg = Release|Any CPU
		{EB6CDFD4-47F5-4B1B-9A7C-EF7481B815FF}.Release|Any CPU.Build.0 = Release|Any CPU
		{D71E9924-333D-4417-8FB6-BAB1533C420A}.Debug|Any CPU.ActiveCfg = Debug|Any CPU
		{D71E9924-333D-4417-8FB6-BAB1533C420A}.Debug|Any CPU.Build.0 = Debug|Any CPU
		{D71E9924-333D-4417-8FB6-BAB1533C420A}.Product|Any CPU.ActiveCfg = Debug|Any CPU
		{D71E9924-333D-4417-8FB6-BAB1533C420A}.Product|Any CPU.Build.0 = Debug|Any CPU
		{D71E9924-333D-4417-8FB6-BAB1533C420A}.Release|Any CPU.ActiveCfg = Release|Any CPU
		{D71E9924-333D-4417-8FB6-BAB1533C420A}.Release|Any CPU.Build.0 = Release|Any CPU
		{5FF78A05-D3B8-4E4E-891C-C4F14E9D2BCD}.Debug|Any CPU.ActiveCfg = Debug|Any CPU
		{5FF78A05-D3B8-4E4E-891C-C4F14E9D2BCD}.Debug|Any CPU.Build.0 = Debug|Any CPU
		{5FF78A05-D3B8-4E4E-891C-C4F14E9D2BCD}.Product|Any CPU.ActiveCfg = Debug|Any CPU
		{5FF78A05-D3B8-4E4E-891C-C4F14E9D2BCD}.Product|Any CPU.Build.0 = Debug|Any CPU
		{5FF78A05-D3B8-4E4E-891C-C4F14E9D2BCD}.Release|Any CPU.ActiveCfg = Release|Any CPU
		{5FF78A05-D3B8-4E4E-891C-C4F14E9D2BCD}.Release|Any CPU.Build.0 = Release|Any CPU
		{667DC49A-C0A9-46B3-9C0B-6BE2E9EFD4D2}.Debug|Any CPU.ActiveCfg = Debug|Any CPU
		{667DC49A-C0A9-46B3-9C0B-6BE2E9EFD4D2}.Debug|Any CPU.Build.0 = Debug|Any CPU
		{667DC49A-C0A9-46B3-9C0B-6BE2E9EFD4D2}.Product|Any CPU.ActiveCfg = Debug|Any CPU
		{667DC49A-C0A9-46B3-9C0B-6BE2E9EFD4D2}.Product|Any CPU.Build.0 = Debug|Any CPU
		{667DC49A-C0A9-46B3-9C0B-6BE2E9EFD4D2}.Release|Any CPU.ActiveCfg = Release|Any CPU
		{667DC49A-C0A9-46B3-9C0B-6BE2E9EFD4D2}.Release|Any CPU.Build.0 = Release|Any CPU
		{AC00CE1D-A54D-4243-9762-49A33CF4548B}.Debug|Any CPU.ActiveCfg = Debug|Any CPU
		{AC00CE1D-A54D-4243-9762-49A33CF4548B}.Debug|Any CPU.Build.0 = Debug|Any CPU
		{AC00CE1D-A54D-4243-9762-49A33CF4548B}.Product|Any CPU.ActiveCfg = Debug|Any CPU
		{AC00CE1D-A54D-4243-9762-49A33CF4548B}.Product|Any CPU.Build.0 = Debug|Any CPU
		{AC00CE1D-A54D-4243-9762-49A33CF4548B}.Release|Any CPU.ActiveCfg = Release|Any CPU
		{AC00CE1D-A54D-4243-9762-49A33CF4548B}.Release|Any CPU.Build.0 = Release|Any CPU
		{0DADDE7F-28D9-43B3-8CC5-88BBE887CBD9}.Debug|Any CPU.ActiveCfg = Debug|Any CPU
		{0DADDE7F-28D9-43B3-8CC5-88BBE887CBD9}.Debug|Any CPU.Build.0 = Debug|Any CPU
		{0DADDE7F-28D9-43B3-8CC5-88BBE887CBD9}.Product|Any CPU.ActiveCfg = Debug|Any CPU
		{0DADDE7F-28D9-43B3-8CC5-88BBE887CBD9}.Product|Any CPU.Build.0 = Debug|Any CPU
		{0DADDE7F-28D9-43B3-8CC5-88BBE887CBD9}.Release|Any CPU.ActiveCfg = Release|Any CPU
		{0DADDE7F-28D9-43B3-8CC5-88BBE887CBD9}.Release|Any CPU.Build.0 = Release|Any CPU
		{EFA1CD9D-4B53-483C-BF9D-F21B9B2C6FDE}.Debug|Any CPU.ActiveCfg = Debug|Any CPU
		{EFA1CD9D-4B53-483C-BF9D-F21B9B2C6FDE}.Debug|Any CPU.Build.0 = Debug|Any CPU
		{EFA1CD9D-4B53-483C-BF9D-F21B9B2C6FDE}.Product|Any CPU.ActiveCfg = Debug|Any CPU
		{EFA1CD9D-4B53-483C-BF9D-F21B9B2C6FDE}.Product|Any CPU.Build.0 = Debug|Any CPU
		{EFA1CD9D-4B53-483C-BF9D-F21B9B2C6FDE}.Release|Any CPU.ActiveCfg = Release|Any CPU
		{EFA1CD9D-4B53-483C-BF9D-F21B9B2C6FDE}.Release|Any CPU.Build.0 = Release|Any CPU
		{ACACF41C-B5CB-4C9F-B378-3F15ED15F1D1}.Debug|Any CPU.ActiveCfg = Debug|Any CPU
		{ACACF41C-B5CB-4C9F-B378-3F15ED15F1D1}.Debug|Any CPU.Build.0 = Debug|Any CPU
		{ACACF41C-B5CB-4C9F-B378-3F15ED15F1D1}.Product|Any CPU.ActiveCfg = Debug|Any CPU
		{ACACF41C-B5CB-4C9F-B378-3F15ED15F1D1}.Product|Any CPU.Build.0 = Debug|Any CPU
		{ACACF41C-B5CB-4C9F-B378-3F15ED15F1D1}.Release|Any CPU.ActiveCfg = Release|Any CPU
		{ACACF41C-B5CB-4C9F-B378-3F15ED15F1D1}.Release|Any CPU.Build.0 = Release|Any CPU
		{F827303E-92C2-46D3-BD8A-50DB8885E6CE}.Debug|Any CPU.ActiveCfg = Debug|Any CPU
		{F827303E-92C2-46D3-BD8A-50DB8885E6CE}.Debug|Any CPU.Build.0 = Debug|Any CPU
		{F827303E-92C2-46D3-BD8A-50DB8885E6CE}.Product|Any CPU.ActiveCfg = Debug|Any CPU
		{F827303E-92C2-46D3-BD8A-50DB8885E6CE}.Product|Any CPU.Build.0 = Debug|Any CPU
		{F827303E-92C2-46D3-BD8A-50DB8885E6CE}.Release|Any CPU.ActiveCfg = Release|Any CPU
		{F827303E-92C2-46D3-BD8A-50DB8885E6CE}.Release|Any CPU.Build.0 = Release|Any CPU
		{4C27EEEF-6837-47BA-BB5C-B0E96FA3504D}.Debug|Any CPU.ActiveCfg = Debug|Any CPU
		{4C27EEEF-6837-47BA-BB5C-B0E96FA3504D}.Debug|Any CPU.Build.0 = Debug|Any CPU
		{4C27EEEF-6837-47BA-BB5C-B0E96FA3504D}.Product|Any CPU.ActiveCfg = Debug|Any CPU
		{4C27EEEF-6837-47BA-BB5C-B0E96FA3504D}.Product|Any CPU.Build.0 = Debug|Any CPU
		{4C27EEEF-6837-47BA-BB5C-B0E96FA3504D}.Release|Any CPU.ActiveCfg = Release|Any CPU
		{4C27EEEF-6837-47BA-BB5C-B0E96FA3504D}.Release|Any CPU.Build.0 = Release|Any CPU
		{34B067D7-7126-4B02-A4E8-E1AFC77F3485}.Debug|Any CPU.ActiveCfg = Debug|Any CPU
		{34B067D7-7126-4B02-A4E8-E1AFC77F3485}.Debug|Any CPU.Build.0 = Debug|Any CPU
		{34B067D7-7126-4B02-A4E8-E1AFC77F3485}.Product|Any CPU.ActiveCfg = Debug|Any CPU
		{34B067D7-7126-4B02-A4E8-E1AFC77F3485}.Product|Any CPU.Build.0 = Debug|Any CPU
		{34B067D7-7126-4B02-A4E8-E1AFC77F3485}.Release|Any CPU.ActiveCfg = Release|Any CPU
		{34B067D7-7126-4B02-A4E8-E1AFC77F3485}.Release|Any CPU.Build.0 = Release|Any CPU
		{81D1403E-24B7-47DD-BD55-1D22B8E7756B}.Debug|Any CPU.ActiveCfg = Debug|Any CPU
		{81D1403E-24B7-47DD-BD55-1D22B8E7756B}.Debug|Any CPU.Build.0 = Debug|Any CPU
		{81D1403E-24B7-47DD-BD55-1D22B8E7756B}.Product|Any CPU.ActiveCfg = Release|Any CPU
		{81D1403E-24B7-47DD-BD55-1D22B8E7756B}.Product|Any CPU.Build.0 = Release|Any CPU
		{81D1403E-24B7-47DD-BD55-1D22B8E7756B}.Release|Any CPU.ActiveCfg = Release|Any CPU
		{81D1403E-24B7-47DD-BD55-1D22B8E7756B}.Release|Any CPU.Build.0 = Release|Any CPU
		{EFABA5DF-BD24-4880-A9FE-242AACF5B599}.Debug|Any CPU.ActiveCfg = Debug|Any CPU
		{EFABA5DF-BD24-4880-A9FE-242AACF5B599}.Debug|Any CPU.Build.0 = Debug|Any CPU
		{EFABA5DF-BD24-4880-A9FE-242AACF5B599}.Product|Any CPU.ActiveCfg = Debug|Any CPU
		{EFABA5DF-BD24-4880-A9FE-242AACF5B599}.Product|Any CPU.Build.0 = Debug|Any CPU
		{EFABA5DF-BD24-4880-A9FE-242AACF5B599}.Release|Any CPU.ActiveCfg = Release|Any CPU
		{EFABA5DF-BD24-4880-A9FE-242AACF5B599}.Release|Any CPU.Build.0 = Release|Any CPU
		{31CDB3D0-A7CE-435F-A2A8-CD5F9E7EB8B2}.Debug|Any CPU.ActiveCfg = Debug|Any CPU
		{31CDB3D0-A7CE-435F-A2A8-CD5F9E7EB8B2}.Debug|Any CPU.Build.0 = Debug|Any CPU
		{31CDB3D0-A7CE-435F-A2A8-CD5F9E7EB8B2}.Product|Any CPU.ActiveCfg = Debug|Any CPU
		{31CDB3D0-A7CE-435F-A2A8-CD5F9E7EB8B2}.Product|Any CPU.Build.0 = Debug|Any CPU
		{31CDB3D0-A7CE-435F-A2A8-CD5F9E7EB8B2}.Release|Any CPU.ActiveCfg = Release|Any CPU
		{31CDB3D0-A7CE-435F-A2A8-CD5F9E7EB8B2}.Release|Any CPU.Build.0 = Release|Any CPU
		{F7ABE0BA-9659-4975-B03D-C383CA13B3D2}.Debug|Any CPU.ActiveCfg = Debug|Any CPU
		{F7ABE0BA-9659-4975-B03D-C383CA13B3D2}.Debug|Any CPU.Build.0 = Debug|Any CPU
		{F7ABE0BA-9659-4975-B03D-C383CA13B3D2}.Product|Any CPU.ActiveCfg = Debug|Any CPU
		{F7ABE0BA-9659-4975-B03D-C383CA13B3D2}.Product|Any CPU.Build.0 = Debug|Any CPU
		{F7ABE0BA-9659-4975-B03D-C383CA13B3D2}.Release|Any CPU.ActiveCfg = Release|Any CPU
		{F7ABE0BA-9659-4975-B03D-C383CA13B3D2}.Release|Any CPU.Build.0 = Release|Any CPU
		{AA073AAD-9290-4D55-BFF1-DC1B3357FF8B}.Debug|Any CPU.ActiveCfg = Debug|Any CPU
		{AA073AAD-9290-4D55-BFF1-DC1B3357FF8B}.Debug|Any CPU.Build.0 = Debug|Any CPU
		{AA073AAD-9290-4D55-BFF1-DC1B3357FF8B}.Product|Any CPU.ActiveCfg = Debug|Any CPU
		{AA073AAD-9290-4D55-BFF1-DC1B3357FF8B}.Product|Any CPU.Build.0 = Debug|Any CPU
		{AA073AAD-9290-4D55-BFF1-DC1B3357FF8B}.Release|Any CPU.ActiveCfg = Release|Any CPU
		{AA073AAD-9290-4D55-BFF1-DC1B3357FF8B}.Release|Any CPU.Build.0 = Release|Any CPU
		{C1262DAB-43DB-480A-8064-634C50872258}.Debug|Any CPU.ActiveCfg = Debug|Any CPU
		{C1262DAB-43DB-480A-8064-634C50872258}.Debug|Any CPU.Build.0 = Debug|Any CPU
		{C1262DAB-43DB-480A-8064-634C50872258}.Product|Any CPU.ActiveCfg = Debug|Any CPU
		{C1262DAB-43DB-480A-8064-634C50872258}.Product|Any CPU.Build.0 = Debug|Any CPU
		{C1262DAB-43DB-480A-8064-634C50872258}.Release|Any CPU.ActiveCfg = Release|Any CPU
		{C1262DAB-43DB-480A-8064-634C50872258}.Release|Any CPU.Build.0 = Release|Any CPU
		{49969510-E0E4-4DF4-95F8-8B334CA9C5C6}.Debug|Any CPU.ActiveCfg = Debug|Any CPU
		{49969510-E0E4-4DF4-95F8-8B334CA9C5C6}.Debug|Any CPU.Build.0 = Debug|Any CPU
		{49969510-E0E4-4DF4-95F8-8B334CA9C5C6}.Product|Any CPU.ActiveCfg = Release|Any CPU
		{49969510-E0E4-4DF4-95F8-8B334CA9C5C6}.Product|Any CPU.Build.0 = Release|Any CPU
		{49969510-E0E4-4DF4-95F8-8B334CA9C5C6}.Release|Any CPU.ActiveCfg = Release|Any CPU
		{49969510-E0E4-4DF4-95F8-8B334CA9C5C6}.Release|Any CPU.Build.0 = Release|Any CPU
		{F6508A78-064F-4FB6-ABD6-7C43C7AB5A96}.Debug|Any CPU.ActiveCfg = Debug|Any CPU
		{F6508A78-064F-4FB6-ABD6-7C43C7AB5A96}.Debug|Any CPU.Build.0 = Debug|Any CPU
		{F6508A78-064F-4FB6-ABD6-7C43C7AB5A96}.Product|Any CPU.ActiveCfg = Debug|Any CPU
		{F6508A78-064F-4FB6-ABD6-7C43C7AB5A96}.Product|Any CPU.Build.0 = Debug|Any CPU
		{F6508A78-064F-4FB6-ABD6-7C43C7AB5A96}.Release|Any CPU.ActiveCfg = Release|Any CPU
		{F6508A78-064F-4FB6-ABD6-7C43C7AB5A96}.Release|Any CPU.Build.0 = Release|Any CPU
	EndGlobalSection
	GlobalSection(SolutionProperties) = preSolution
		HideSolutionNode = FALSE
	EndGlobalSection
	GlobalSection(NestedProjects) = preSolution
		{341F4EC5-AF12-4620-B9BE-C760121B4BB0} = {52D5D570-3692-40B5-8EBC-3B3E88474061}
		{273D1F47-F6AF-4ED5-AAB5-977BD9906B2E} = {E57A56F3-7BAB-4DB5-9CE8-EC91985A6586}
		{95115BF6-F902-4F50-A8FA-6A0F10D1165A} = {273D1F47-F6AF-4ED5-AAB5-977BD9906B2E}
		{C25CE636-1499-48AB-8A20-E6836C81D17B} = {273D1F47-F6AF-4ED5-AAB5-977BD9906B2E}
		{0E214E08-A7C0-477D-96D3-0B7C637F9FFC} = {273D1F47-F6AF-4ED5-AAB5-977BD9906B2E}
		{5266A26B-DA74-4A22-B660-3BB7F56BE138} = {E57A56F3-7BAB-4DB5-9CE8-EC91985A6586}
		{A0C15329-336C-4F47-9C2B-42F3DDE76ABD} = {5266A26B-DA74-4A22-B660-3BB7F56BE138}
		{4C7DD1F7-62DD-4D4E-8BA2-2CB73E52D654} = {5266A26B-DA74-4A22-B660-3BB7F56BE138}
		{A3342C19-82CD-4FA1-A3FE-E873341B06CB} = {5266A26B-DA74-4A22-B660-3BB7F56BE138}
		{F3C31683-EF08-4683-AFD0-C58688D95038} = {5266A26B-DA74-4A22-B660-3BB7F56BE138}
		{5DC17AB4-46C2-4004-93CB-1446201C3AEA} = {E57A56F3-7BAB-4DB5-9CE8-EC91985A6586}
		{423B2048-622A-40F6-A671-3DA95C18AEBB} = {5DC17AB4-46C2-4004-93CB-1446201C3AEA}
		{C4935163-9EE3-453A-9937-8F8DC4B8C4C0} = {5DC17AB4-46C2-4004-93CB-1446201C3AEA}
		{A87228E8-6FA1-47FC-A70C-5A1519A81032} = {5DC17AB4-46C2-4004-93CB-1446201C3AEA}
		{3C4A6DFA-2F03-4561-A53F-DBE80A813109} = {5DC17AB4-46C2-4004-93CB-1446201C3AEA}
		{3D60F886-5D04-4CC4-9DD4-720132392B22} = {5DC17AB4-46C2-4004-93CB-1446201C3AEA}
		{D8B88CAB-7B7F-4766-86BC-5F91E6CB1EC9} = {5DC17AB4-46C2-4004-93CB-1446201C3AEA}
		{7F94AEA4-3A16-45FF-BF11-5D1218FFC70C} = {5DC17AB4-46C2-4004-93CB-1446201C3AEA}
		{24A68EB8-365C-4F76-9B7C-46E3F809BDE8} = {5DC17AB4-46C2-4004-93CB-1446201C3AEA}
		{37AFC208-715F-44A4-97F4-C5A604E8694A} = {5DC17AB4-46C2-4004-93CB-1446201C3AEA}
		{31F25250-7CF1-4D9B-B2DF-0B7050D88E54} = {E57A56F3-7BAB-4DB5-9CE8-EC91985A6586}
		{DF98858F-104D-4AD8-B755-EDF6517E72B9} = {31F25250-7CF1-4D9B-B2DF-0B7050D88E54}
		{02B77A60-9CCD-4DC4-9A8D-02981E8DA730} = {31F25250-7CF1-4D9B-B2DF-0B7050D88E54}
		{7AC38D77-C271-4775-823B-767B56DE0646} = {31F25250-7CF1-4D9B-B2DF-0B7050D88E54}
		{21CF6488-2099-4C54-8AF5-E36B04FB8689} = {31F25250-7CF1-4D9B-B2DF-0B7050D88E54}
		{B192D033-A8A2-4431-9486-949C9A1BA0FD} = {31F25250-7CF1-4D9B-B2DF-0B7050D88E54}
		{EC2CD9F4-1B22-43D9-B6FB-45DF746F6445} = {E57A56F3-7BAB-4DB5-9CE8-EC91985A6586}
		{FDB770F9-C620-4533-9505-B565184D6F46} = {EC2CD9F4-1B22-43D9-B6FB-45DF746F6445}
		{2A2C5AE9-0811-469D-8884-A50BE428AB7C} = {EC2CD9F4-1B22-43D9-B6FB-45DF746F6445}
		{EB6CDFD4-47F5-4B1B-9A7C-EF7481B815FF} = {EC2CD9F4-1B22-43D9-B6FB-45DF746F6445}
		{5EEB0F25-5A4E-4A68-975C-53E42A959621} = {E57A56F3-7BAB-4DB5-9CE8-EC91985A6586}
		{D71E9924-333D-4417-8FB6-BAB1533C420A} = {5EEB0F25-5A4E-4A68-975C-53E42A959621}
		{5FF78A05-D3B8-4E4E-891C-C4F14E9D2BCD} = {5EEB0F25-5A4E-4A68-975C-53E42A959621}
		{667DC49A-C0A9-46B3-9C0B-6BE2E9EFD4D2} = {5EEB0F25-5A4E-4A68-975C-53E42A959621}
		{AC00CE1D-A54D-4243-9762-49A33CF4548B} = {5EEB0F25-5A4E-4A68-975C-53E42A959621}
		{0DADDE7F-28D9-43B3-8CC5-88BBE887CBD9} = {5EEB0F25-5A4E-4A68-975C-53E42A959621}
		{2673555B-2E7C-417B-8D1A-25F3FE05A141} = {E048931D-EC51-448A-A737-3C62CF100813}
		{4A28CD6B-0C75-4D39-B613-66DE6B693675} = {2673555B-2E7C-417B-8D1A-25F3FE05A141}
		{EFA1CD9D-4B53-483C-BF9D-F21B9B2C6FDE} = {2673555B-2E7C-417B-8D1A-25F3FE05A141}
		{ACACF41C-B5CB-4C9F-B378-3F15ED15F1D1} = {2673555B-2E7C-417B-8D1A-25F3FE05A141}
		{F827303E-92C2-46D3-BD8A-50DB8885E6CE} = {2673555B-2E7C-417B-8D1A-25F3FE05A141}
		{0A6E75E4-2AD5-49F3-9120-467A71B471B0} = {E048931D-EC51-448A-A737-3C62CF100813}
		{4C27EEEF-6837-47BA-BB5C-B0E96FA3504D} = {0A6E75E4-2AD5-49F3-9120-467A71B471B0}
		{34B067D7-7126-4B02-A4E8-E1AFC77F3485} = {0A6E75E4-2AD5-49F3-9120-467A71B471B0}
		{DE31E135-48A1-40D8-AFEF-768CEBB4819A} = {0A6E75E4-2AD5-49F3-9120-467A71B471B0}
		{81D1403E-24B7-47DD-BD55-1D22B8E7756B} = {E048931D-EC51-448A-A737-3C62CF100813}
		{EFABA5DF-BD24-4880-A9FE-242AACF5B599} = {273D1F47-F6AF-4ED5-AAB5-977BD9906B2E}
		{31CDB3D0-A7CE-435F-A2A8-CD5F9E7EB8B2} = {273D1F47-F6AF-4ED5-AAB5-977BD9906B2E}
		{66B49F2D-FBC6-45A0-82B0-A099CABD37C6} = {E048931D-EC51-448A-A737-3C62CF100813}
		{F7ABE0BA-9659-4975-B03D-C383CA13B3D2} = {66B49F2D-FBC6-45A0-82B0-A099CABD37C6}
		{AA073AAD-9290-4D55-BFF1-DC1B3357FF8B} = {66B49F2D-FBC6-45A0-82B0-A099CABD37C6}
		{C1262DAB-43DB-480A-8064-634C50872258} = {66B49F2D-FBC6-45A0-82B0-A099CABD37C6}
		{B2B6A902-17A7-4926-9B7F-22DE8A092231} = {66B49F2D-FBC6-45A0-82B0-A099CABD37C6}
		{49969510-E0E4-4DF4-95F8-8B334CA9C5C6} = {5DC17AB4-46C2-4004-93CB-1446201C3AEA}
		{F6508A78-064F-4FB6-ABD6-7C43C7AB5A96} = {E048931D-EC51-448A-A737-3C62CF100813}
	EndGlobalSection
	GlobalSection(ExtensibilityGlobals) = postSolution
		SolutionGuid = {84CDDCF4-F3D0-45FC-87C5-557845F58F55}
	EndGlobalSection
	GlobalSection(SharedMSBuildProjectFiles) = preSolution
		Tests\Euonia.Mapping.Tests.Shared\Euonia.Mapping.Tests.Shared.projitems*{34b067d7-7126-4b02-a4e8-e1afc77f3485}*SharedItemsImports = 5
		Tests\Euonia.Caching.Tests.Shared\Euonia.Caching.Tests.Shared.projitems*{4a28cd6b-0c75-4d39-b613-66de6b693675}*SharedItemsImports = 13
		Tests\Euonia.Mapping.Tests.Shared\Euonia.Mapping.Tests.Shared.projitems*{4c27eeef-6837-47ba-bb5c-b0e96fa3504d}*SharedItemsImports = 5
		Tests\Euonia.Bus.Tests.Shared\Euonia.Bus.Tests.Shared.projitems*{aa073aad-9290-4d55-bff1-dc1b3357ff8b}*SharedItemsImports = 5
		Tests\Euonia.Bus.Tests.Shared\Euonia.Bus.Tests.Shared.projitems*{b2b6a902-17a7-4926-9b7f-22de8a092231}*SharedItemsImports = 13
		Tests\Euonia.Bus.Tests.Shared\Euonia.Bus.Tests.Shared.projitems*{c1262dab-43db-480a-8064-634c50872258}*SharedItemsImports = 5
		Tests\Euonia.Mapping.Tests.Shared\Euonia.Mapping.Tests.Shared.projitems*{de31e135-48a1-40d8-afef-768cebb4819a}*SharedItemsImports = 13
		Tests\Euonia.Caching.Tests.Shared\Euonia.Caching.Tests.Shared.projitems*{efa1cd9d-4b53-483c-bf9d-f21b9b2c6fde}*SharedItemsImports = 5
		Tests\Euonia.Caching.Tests.Shared\Euonia.Caching.Tests.Shared.projitems*{f827303e-92c2-46d3-bd8a-50db8885e6ce}*SharedItemsImports = 5
	EndGlobalSection
EndGlobal
