
Microsoft Visual Studio Solution File, Format Version 12.00
# Visual Studio Version 17
VisualStudioVersion = 17.4.33213.308
MinimumVisualStudioVersion = 10.0.40219.1
Project("{2150E333-8FDC-42A3-9474-1A3956D46DE8}") = "Solution", "Solution", "{CCE92FDE-593B-4F06-B54A-979DFBB82EDA}"
	ProjectSection(SolutionItems) = preProject
		Directory.Packages.props = Directory.Packages.props
		NuGet.config = NuGet.config
		README.md = README.md
	EndProjectSection
EndProject
Project("{2150E333-8FDC-42A3-9474-1A3956D46DE8}") = "Source", "Source", "{E57A56F3-7BAB-4DB5-9CE8-EC91985A6586}"
	ProjectSection(SolutionItems) = preProject
		Source\common.props = Source\common.props
	EndProjectSection
EndProject
Project("{2150E333-8FDC-42A3-9474-1A3956D46DE8}") = "Caching", "Caching", "{5266A26B-DA74-4A22-B660-3BB7F56BE138}"
EndProject
Project("{2150E333-8FDC-42A3-9474-1A3956D46DE8}") = "Core", "Core", "{5DC17AB4-46C2-4004-93CB-1446201C3AEA}"
EndProject
Project("{2150E333-8FDC-42A3-9474-1A3956D46DE8}") = "DDD", "DDD", "{31F25250-7CF1-4D9B-B2DF-0B7050D88E54}"
EndProject
Project("{2150E333-8FDC-42A3-9474-1A3956D46DE8}") = "Tests", "Tests", "{E048931D-EC51-448A-A737-3C62CF100813}"
	ProjectSection(SolutionItems) = preProject
		Tests\common.props = Tests\common.props
	EndProjectSection
EndProject
Project("{9A19103F-16F7-4668-BE54-9A1E7A4F7556}") = "Euonia.Core", "Source\Euonia.Core\Euonia.Core.csproj", "{C4935163-9EE3-453A-9937-8F8DC4B8C4C0}"
EndProject
Project("{9A19103F-16F7-4668-BE54-9A1E7A4F7556}") = "Euonia.Core.Tests", "Tests\Euonia.Core.Tests\Euonia.Core.Tests.csproj", "{81D1403E-24B7-47DD-BD55-1D22B8E7756B}"
EndProject
Project("{9A19103F-16F7-4668-BE54-9A1E7A4F7556}") = "Euonia.Caching", "Source\Euonia.Caching\Euonia.Caching.csproj", "{A0C15329-336C-4F47-9C2B-42F3DDE76ABD}"
EndProject
Project("{9A19103F-16F7-4668-BE54-9A1E7A4F7556}") = "Euonia.Mapping", "Source\Euonia.Mapping\Euonia.Mapping.csproj", "{FDB770F9-C620-4533-9505-B565184D6F46}"
EndProject
Project("{9A19103F-16F7-4668-BE54-9A1E7A4F7556}") = "Euonia.Validation", "Source\Euonia.Validation\Euonia.Validation.csproj", "{24A68EB8-365C-4F76-9B7C-46E3F809BDE8}"
EndProject
Project("{9A19103F-16F7-4668-BE54-9A1E7A4F7556}") = "Euonia.Caching.Redis", "Source\Euonia.Caching.Redis\Euonia.Caching.Redis.csproj", "{A3342C19-82CD-4FA1-A3FE-E873341B06CB}"
EndProject
Project("{9A19103F-16F7-4668-BE54-9A1E7A4F7556}") = "Euonia.Caching.Runtime", "Source\Euonia.Caching.Runtime\Euonia.Caching.Runtime.csproj", "{F3C31683-EF08-4683-AFD0-C58688D95038}"
EndProject
Project("{9A19103F-16F7-4668-BE54-9A1E7A4F7556}") = "Euonia.Caching.Memory", "Source\Euonia.Caching.Memory\Euonia.Caching.Memory.csproj", "{4C7DD1F7-62DD-4D4E-8BA2-2CB73E52D654}"
EndProject
Project("{9A19103F-16F7-4668-BE54-9A1E7A4F7556}") = "Euonia.Caching.Tests", "Tests\Euonia.Caching.Tests\Euonia.Caching.Tests.csproj", "{F827303E-92C2-46D3-BD8A-50DB8885E6CE}"
EndProject
Project("{9A19103F-16F7-4668-BE54-9A1E7A4F7556}") = "Euonia.Linq", "Source\Euonia.Linq\Euonia.Linq.csproj", "{3D60F886-5D04-4CC4-9DD4-720132392B22}"
EndProject
Project("{9A19103F-16F7-4668-BE54-9A1E7A4F7556}") = "Euonia.Pipeline", "Source\Euonia.Pipeline\Euonia.Pipeline.csproj", "{7F94AEA4-3A16-45FF-BF11-5D1218FFC70C}"
EndProject
Project("{9A19103F-16F7-4668-BE54-9A1E7A4F7556}") = "Euonia.Grpc", "Source\Euonia.Grpc\Euonia.Grpc.csproj", "{A87228E8-6FA1-47FC-A70C-5A1519A81032}"
EndProject
Project("{9A19103F-16F7-4668-BE54-9A1E7A4F7556}") = "Euonia.Modularity", "Source\Euonia.Modularity\Euonia.Modularity.csproj", "{D8B88CAB-7B7F-4766-86BC-5F91E6CB1EC9}"
EndProject
Project("{9A19103F-16F7-4668-BE54-9A1E7A4F7556}") = "Euonia.Hosting", "Source\Euonia.Hosting\Euonia.Hosting.csproj", "{3C4A6DFA-2F03-4561-A53F-DBE80A813109}"
EndProject
Project("{9A19103F-16F7-4668-BE54-9A1E7A4F7556}") = "Euonia.Domain", "Source\Euonia.Domain\Euonia.Domain.csproj", "{02B77A60-9CCD-4DC4-9A8D-02981E8DA730}"
EndProject
Project("{9A19103F-16F7-4668-BE54-9A1E7A4F7556}") = "Euonia.Repository", "Source\Euonia.Repository\Euonia.Repository.csproj", "{7AC38D77-C271-4775-823B-767B56DE0646}"
EndProject
Project("{2150E333-8FDC-42A3-9474-1A3956D46DE8}") = "Bus", "Bus", "{273D1F47-F6AF-4ED5-AAB5-977BD9906B2E}"
EndProject
Project("{9A19103F-16F7-4668-BE54-9A1E7A4F7556}") = "Euonia.Bus", "Source\Euonia.Bus\Euonia.Bus.csproj", "{95115BF6-F902-4F50-A8FA-6A0F10D1165A}"
EndProject
Project("{9A19103F-16F7-4668-BE54-9A1E7A4F7556}") = "Euonia.Bus.InMemory", "Source\Euonia.Bus.InMemory\Euonia.Bus.InMemory.csproj", "{C25CE636-1499-48AB-8A20-E6836C81D17B}"
EndProject
Project("{9A19103F-16F7-4668-BE54-9A1E7A4F7556}") = "Euonia.Bus.RabbitMq", "Source\Euonia.Bus.RabbitMq\Euonia.Bus.RabbitMq.csproj", "{0E214E08-A7C0-477D-96D3-0B7C637F9FFC}"
EndProject
Project("{9A19103F-16F7-4668-BE54-9A1E7A4F7556}") = "Euonia.Mapping.Tests", "Tests\Euonia.Mapping.Tests\Euonia.Mapping.Tests.csproj", "{34B067D7-7126-4B02-A4E8-E1AFC77F3485}"
EndProject
Project("{9A19103F-16F7-4668-BE54-9A1E7A4F7556}") = "Euonia.Repository.EfCore", "Source\Euonia.Repository.EfCore\Euonia.Repository.EfCore.csproj", "{21CF6488-2099-4C54-8AF5-E36B04FB8689}"
EndProject
Project("{9A19103F-16F7-4668-BE54-9A1E7A4F7556}") = "Euonia.Repository.Mongo", "Source\Euonia.Repository.Mongo\Euonia.Repository.Mongo.csproj", "{B192D033-A8A2-4431-9486-949C9A1BA0FD}"
EndProject
Project("{2150E333-8FDC-42A3-9474-1A3956D46DE8}") = "Threading", "Threading", "{5EEB0F25-5A4E-4A68-975C-53E42A959621}"
EndProject
Global
	GlobalSection(SolutionConfigurationPlatforms) = preSolution
		Debug|Any CPU = Debug|Any CPU
		Product|Any CPU = Product|Any CPU
		Release|Any CPU = Release|Any CPU
	EndGlobalSection
	GlobalSection(ProjectConfigurationPlatforms) = postSolution
		{C4935163-9EE3-453A-9937-8F8DC4B8C4C0}.Debug|Any CPU.ActiveCfg = Debug|Any CPU
		{C4935163-9EE3-453A-9937-8F8DC4B8C4C0}.Debug|Any CPU.Build.0 = Debug|Any CPU
		{C4935163-9EE3-453A-9937-8F8DC4B8C4C0}.Product|Any CPU.ActiveCfg = Product|Any CPU
		{C4935163-9EE3-453A-9937-8F8DC4B8C4C0}.Product|Any CPU.Build.0 = Product|Any CPU
		{C4935163-9EE3-453A-9937-8F8DC4B8C4C0}.Release|Any CPU.ActiveCfg = Release|Any CPU
		{C4935163-9EE3-453A-9937-8F8DC4B8C4C0}.Release|Any CPU.Build.0 = Release|Any CPU
		{81D1403E-24B7-47DD-BD55-1D22B8E7756B}.Debug|Any CPU.ActiveCfg = Debug|Any CPU
		{81D1403E-24B7-47DD-BD55-1D22B8E7756B}.Debug|Any CPU.Build.0 = Debug|Any CPU
		{81D1403E-24B7-47DD-BD55-1D22B8E7756B}.Product|Any CPU.ActiveCfg = Release|Any CPU
		{81D1403E-24B7-47DD-BD55-1D22B8E7756B}.Product|Any CPU.Build.0 = Release|Any CPU
		{81D1403E-24B7-47DD-BD55-1D22B8E7756B}.Release|Any CPU.ActiveCfg = Release|Any CPU
		{81D1403E-24B7-47DD-BD55-1D22B8E7756B}.Release|Any CPU.Build.0 = Release|Any CPU
		{A0C15329-336C-4F47-9C2B-42F3DDE76ABD}.Debug|Any CPU.ActiveCfg = Debug|Any CPU
		{A0C15329-336C-4F47-9C2B-42F3DDE76ABD}.Debug|Any CPU.Build.0 = Debug|Any CPU
		{A0C15329-336C-4F47-9C2B-42F3DDE76ABD}.Product|Any CPU.ActiveCfg = Product|Any CPU
		{A0C15329-336C-4F47-9C2B-42F3DDE76ABD}.Product|Any CPU.Build.0 = Product|Any CPU
		{A0C15329-336C-4F47-9C2B-42F3DDE76ABD}.Release|Any CPU.ActiveCfg = Release|Any CPU
		{A0C15329-336C-4F47-9C2B-42F3DDE76ABD}.Release|Any CPU.Build.0 = Release|Any CPU
		{FDB770F9-C620-4533-9505-B565184D6F46}.Debug|Any CPU.ActiveCfg = Debug|Any CPU
		{FDB770F9-C620-4533-9505-B565184D6F46}.Debug|Any CPU.Build.0 = Debug|Any CPU
		{FDB770F9-C620-4533-9505-B565184D6F46}.Product|Any CPU.ActiveCfg = Product|Any CPU
		{FDB770F9-C620-4533-9505-B565184D6F46}.Product|Any CPU.Build.0 = Product|Any CPU
		{FDB770F9-C620-4533-9505-B565184D6F46}.Release|Any CPU.ActiveCfg = Release|Any CPU
		{FDB770F9-C620-4533-9505-B565184D6F46}.Release|Any CPU.Build.0 = Release|Any CPU
		{24A68EB8-365C-4F76-9B7C-46E3F809BDE8}.Debug|Any CPU.ActiveCfg = Debug|Any CPU
		{24A68EB8-365C-4F76-9B7C-46E3F809BDE8}.Debug|Any CPU.Build.0 = Debug|Any CPU
		{24A68EB8-365C-4F76-9B7C-46E3F809BDE8}.Product|Any CPU.ActiveCfg = Product|Any CPU
		{24A68EB8-365C-4F76-9B7C-46E3F809BDE8}.Product|Any CPU.Build.0 = Product|Any CPU
		{24A68EB8-365C-4F76-9B7C-46E3F809BDE8}.Release|Any CPU.ActiveCfg = Release|Any CPU
		{24A68EB8-365C-4F76-9B7C-46E3F809BDE8}.Release|Any CPU.Build.0 = Release|Any CPU
		{A3342C19-82CD-4FA1-A3FE-E873341B06CB}.Debug|Any CPU.ActiveCfg = Debug|Any CPU
		{A3342C19-82CD-4FA1-A3FE-E873341B06CB}.Debug|Any CPU.Build.0 = Debug|Any CPU
		{A3342C19-82CD-4FA1-A3FE-E873341B06CB}.Product|Any CPU.ActiveCfg = Product|Any CPU
		{A3342C19-82CD-4FA1-A3FE-E873341B06CB}.Product|Any CPU.Build.0 = Product|Any CPU
		{A3342C19-82CD-4FA1-A3FE-E873341B06CB}.Release|Any CPU.ActiveCfg = Release|Any CPU
		{A3342C19-82CD-4FA1-A3FE-E873341B06CB}.Release|Any CPU.Build.0 = Release|Any CPU
		{F3C31683-EF08-4683-AFD0-C58688D95038}.Debug|Any CPU.ActiveCfg = Debug|Any CPU
		{F3C31683-EF08-4683-AFD0-C58688D95038}.Debug|Any CPU.Build.0 = Debug|Any CPU
		{F3C31683-EF08-4683-AFD0-C58688D95038}.Product|Any CPU.ActiveCfg = Debug|Any CPU
		{F3C31683-EF08-4683-AFD0-C58688D95038}.Product|Any CPU.Build.0 = Debug|Any CPU
		{F3C31683-EF08-4683-AFD0-C58688D95038}.Release|Any CPU.ActiveCfg = Release|Any CPU
		{F3C31683-EF08-4683-AFD0-C58688D95038}.Release|Any CPU.Build.0 = Release|Any CPU
		{4C7DD1F7-62DD-4D4E-8BA2-2CB73E52D654}.Debug|Any CPU.ActiveCfg = Debug|Any CPU
		{4C7DD1F7-62DD-4D4E-8BA2-2CB73E52D654}.Debug|Any CPU.Build.0 = Debug|Any CPU
		{4C7DD1F7-62DD-4D4E-8BA2-2CB73E52D654}.Product|Any CPU.ActiveCfg = Debug|Any CPU
		{4C7DD1F7-62DD-4D4E-8BA2-2CB73E52D654}.Product|Any CPU.Build.0 = Debug|Any CPU
		{4C7DD1F7-62DD-4D4E-8BA2-2CB73E52D654}.Release|Any CPU.ActiveCfg = Release|Any CPU
		{4C7DD1F7-62DD-4D4E-8BA2-2CB73E52D654}.Release|Any CPU.Build.0 = Release|Any CPU
		{F827303E-92C2-46D3-BD8A-50DB8885E6CE}.Debug|Any CPU.ActiveCfg = Debug|Any CPU
		{F827303E-92C2-46D3-BD8A-50DB8885E6CE}.Debug|Any CPU.Build.0 = Debug|Any CPU
		{F827303E-92C2-46D3-BD8A-50DB8885E6CE}.Product|Any CPU.ActiveCfg = Debug|Any CPU
		{F827303E-92C2-46D3-BD8A-50DB8885E6CE}.Product|Any CPU.Build.0 = Debug|Any CPU
		{F827303E-92C2-46D3-BD8A-50DB8885E6CE}.Release|Any CPU.ActiveCfg = Release|Any CPU
		{F827303E-92C2-46D3-BD8A-50DB8885E6CE}.Release|Any CPU.Build.0 = Release|Any CPU
		{3D60F886-5D04-4CC4-9DD4-720132392B22}.Debug|Any CPU.ActiveCfg = Debug|Any CPU
		{3D60F886-5D04-4CC4-9DD4-720132392B22}.Debug|Any CPU.Build.0 = Debug|Any CPU
		{3D60F886-5D04-4CC4-9DD4-720132392B22}.Product|Any CPU.ActiveCfg = Debug|Any CPU
		{3D60F886-5D04-4CC4-9DD4-720132392B22}.Product|Any CPU.Build.0 = Debug|Any CPU
		{3D60F886-5D04-4CC4-9DD4-720132392B22}.Release|Any CPU.ActiveCfg = Release|Any CPU
		{3D60F886-5D04-4CC4-9DD4-720132392B22}.Release|Any CPU.Build.0 = Release|Any CPU
		{7F94AEA4-3A16-45FF-BF11-5D1218FFC70C}.Debug|Any CPU.ActiveCfg = Debug|Any CPU
		{7F94AEA4-3A16-45FF-BF11-5D1218FFC70C}.Debug|Any CPU.Build.0 = Debug|Any CPU
		{7F94AEA4-3A16-45FF-BF11-5D1218FFC70C}.Product|Any CPU.ActiveCfg = Debug|Any CPU
		{7F94AEA4-3A16-45FF-BF11-5D1218FFC70C}.Product|Any CPU.Build.0 = Debug|Any CPU
		{7F94AEA4-3A16-45FF-BF11-5D1218FFC70C}.Release|Any CPU.ActiveCfg = Release|Any CPU
		{7F94AEA4-3A16-45FF-BF11-5D1218FFC70C}.Release|Any CPU.Build.0 = Release|Any CPU
		{A87228E8-6FA1-47FC-A70C-5A1519A81032}.Debug|Any CPU.ActiveCfg = Debug|Any CPU
		{A87228E8-6FA1-47FC-A70C-5A1519A81032}.Debug|Any CPU.Build.0 = Debug|Any CPU
		{A87228E8-6FA1-47FC-A70C-5A1519A81032}.Product|Any CPU.ActiveCfg = Debug|Any CPU
		{A87228E8-6FA1-47FC-A70C-5A1519A81032}.Product|Any CPU.Build.0 = Debug|Any CPU
		{A87228E8-6FA1-47FC-A70C-5A1519A81032}.Release|Any CPU.ActiveCfg = Release|Any CPU
		{A87228E8-6FA1-47FC-A70C-5A1519A81032}.Release|Any CPU.Build.0 = Release|Any CPU
		{D8B88CAB-7B7F-4766-86BC-5F91E6CB1EC9}.Debug|Any CPU.ActiveCfg = Debug|Any CPU
		{D8B88CAB-7B7F-4766-86BC-5F91E6CB1EC9}.Debug|Any CPU.Build.0 = Debug|Any CPU
		{D8B88CAB-7B7F-4766-86BC-5F91E6CB1EC9}.Product|Any CPU.ActiveCfg = Debug|Any CPU
		{D8B88CAB-7B7F-4766-86BC-5F91E6CB1EC9}.Product|Any CPU.Build.0 = Debug|Any CPU
		{D8B88CAB-7B7F-4766-86BC-5F91E6CB1EC9}.Release|Any CPU.ActiveCfg = Release|Any CPU
		{D8B88CAB-7B7F-4766-86BC-5F91E6CB1EC9}.Release|Any CPU.Build.0 = Release|Any CPU
		{02B77A60-9CCD-4DC4-9A8D-02981E8DA730}.Debug|Any CPU.ActiveCfg = Debug|Any CPU
		{02B77A60-9CCD-4DC4-9A8D-02981E8DA730}.Debug|Any CPU.Build.0 = Debug|Any CPU
		{02B77A60-9CCD-4DC4-9A8D-02981E8DA730}.Product|Any CPU.ActiveCfg = Debug|Any CPU
		{02B77A60-9CCD-4DC4-9A8D-02981E8DA730}.Product|Any CPU.Build.0 = Debug|Any CPU
		{02B77A60-9CCD-4DC4-9A8D-02981E8DA730}.Release|Any CPU.ActiveCfg = Release|Any CPU
		{02B77A60-9CCD-4DC4-9A8D-02981E8DA730}.Release|Any CPU.Build.0 = Release|Any CPU
		{7AC38D77-C271-4775-823B-767B56DE0646}.Debug|Any CPU.ActiveCfg = Debug|Any CPU
		{7AC38D77-C271-4775-823B-767B56DE0646}.Debug|Any CPU.Build.0 = Debug|Any CPU
		{7AC38D77-C271-4775-823B-767B56DE0646}.Product|Any CPU.ActiveCfg = Debug|Any CPU
		{7AC38D77-C271-4775-823B-767B56DE0646}.Product|Any CPU.Build.0 = Debug|Any CPU
		{7AC38D77-C271-4775-823B-767B56DE0646}.Release|Any CPU.ActiveCfg = Release|Any CPU
		{7AC38D77-C271-4775-823B-767B56DE0646}.Release|Any CPU.Build.0 = Release|Any CPU
		{95115BF6-F902-4F50-A8FA-6A0F10D1165A}.Debug|Any CPU.ActiveCfg = Debug|Any CPU
		{95115BF6-F902-4F50-A8FA-6A0F10D1165A}.Debug|Any CPU.Build.0 = Debug|Any CPU
		{95115BF6-F902-4F50-A8FA-6A0F10D1165A}.Product|Any CPU.ActiveCfg = Debug|Any CPU
		{95115BF6-F902-4F50-A8FA-6A0F10D1165A}.Product|Any CPU.Build.0 = Debug|Any CPU
		{95115BF6-F902-4F50-A8FA-6A0F10D1165A}.Release|Any CPU.ActiveCfg = Release|Any CPU
		{95115BF6-F902-4F50-A8FA-6A0F10D1165A}.Release|Any CPU.Build.0 = Release|Any CPU
		{C25CE636-1499-48AB-8A20-E6836C81D17B}.Debug|Any CPU.ActiveCfg = Debug|Any CPU
		{C25CE636-1499-48AB-8A20-E6836C81D17B}.Debug|Any CPU.Build.0 = Debug|Any CPU
		{C25CE636-1499-48AB-8A20-E6836C81D17B}.Product|Any CPU.ActiveCfg = Debug|Any CPU
		{C25CE636-1499-48AB-8A20-E6836C81D17B}.Product|Any CPU.Build.0 = Debug|Any CPU
		{C25CE636-1499-48AB-8A20-E6836C81D17B}.Release|Any CPU.ActiveCfg = Release|Any CPU
		{C25CE636-1499-48AB-8A20-E6836C81D17B}.Release|Any CPU.Build.0 = Release|Any CPU
		{0E214E08-A7C0-477D-96D3-0B7C637F9FFC}.Debug|Any CPU.ActiveCfg = Debug|Any CPU
		{0E214E08-A7C0-477D-96D3-0B7C637F9FFC}.Debug|Any CPU.Build.0 = Debug|Any CPU
		{0E214E08-A7C0-477D-96D3-0B7C637F9FFC}.Product|Any CPU.ActiveCfg = Debug|Any CPU
		{0E214E08-A7C0-477D-96D3-0B7C637F9FFC}.Product|Any CPU.Build.0 = Debug|Any CPU
		{0E214E08-A7C0-477D-96D3-0B7C637F9FFC}.Release|Any CPU.ActiveCfg = Release|Any CPU
		{0E214E08-A7C0-477D-96D3-0B7C637F9FFC}.Release|Any CPU.Build.0 = Release|Any CPU
		{34B067D7-7126-4B02-A4E8-E1AFC77F3485}.Debug|Any CPU.ActiveCfg = Debug|Any CPU
		{34B067D7-7126-4B02-A4E8-E1AFC77F3485}.Debug|Any CPU.Build.0 = Debug|Any CPU
		{34B067D7-7126-4B02-A4E8-E1AFC77F3485}.Product|Any CPU.ActiveCfg = Debug|Any CPU
		{34B067D7-7126-4B02-A4E8-E1AFC77F3485}.Product|Any CPU.Build.0 = Debug|Any CPU
		{34B067D7-7126-4B02-A4E8-E1AFC77F3485}.Release|Any CPU.ActiveCfg = Release|Any CPU
		{34B067D7-7126-4B02-A4E8-E1AFC77F3485}.Release|Any CPU.Build.0 = Release|Any CPU
		{21CF6488-2099-4C54-8AF5-E36B04FB8689}.Debug|Any CPU.ActiveCfg = Debug|Any CPU
		{21CF6488-2099-4C54-8AF5-E36B04FB8689}.Debug|Any CPU.Build.0 = Debug|Any CPU
		{21CF6488-2099-4C54-8AF5-E36B04FB8689}.Product|Any CPU.ActiveCfg = Debug|Any CPU
		{21CF6488-2099-4C54-8AF5-E36B04FB8689}.Product|Any CPU.Build.0 = Debug|Any CPU
		{21CF6488-2099-4C54-8AF5-E36B04FB8689}.Release|Any CPU.ActiveCfg = Release|Any CPU
		{21CF6488-2099-4C54-8AF5-E36B04FB8689}.Release|Any CPU.Build.0 = Release|Any CPU
		{B192D033-A8A2-4431-9486-949C9A1BA0FD}.Debug|Any CPU.ActiveCfg = Debug|Any CPU
		{B192D033-A8A2-4431-9486-949C9A1BA0FD}.Debug|Any CPU.Build.0 = Debug|Any CPU
		{B192D033-A8A2-4431-9486-949C9A1BA0FD}.Product|Any CPU.ActiveCfg = Debug|Any CPU
		{B192D033-A8A2-4431-9486-949C9A1BA0FD}.Product|Any CPU.Build.0 = Debug|Any CPU
		{B192D033-A8A2-4431-9486-949C9A1BA0FD}.Release|Any CPU.ActiveCfg = Release|Any CPU
		{B192D033-A8A2-4431-9486-949C9A1BA0FD}.Release|Any CPU.Build.0 = Release|Any CPU
		{3C4A6DFA-2F03-4561-A53F-DBE80A813109}.Debug|Any CPU.ActiveCfg = Debug|Any CPU
		{3C4A6DFA-2F03-4561-A53F-DBE80A813109}.Debug|Any CPU.Build.0 = Debug|Any CPU
		{3C4A6DFA-2F03-4561-A53F-DBE80A813109}.Product|Any CPU.ActiveCfg = Debug|Any CPU
		{3C4A6DFA-2F03-4561-A53F-DBE80A813109}.Product|Any CPU.Build.0 = Debug|Any CPU
		{3C4A6DFA-2F03-4561-A53F-DBE80A813109}.Release|Any CPU.ActiveCfg = Release|Any CPU
		{3C4A6DFA-2F03-4561-A53F-DBE80A813109}.Release|Any CPU.Build.0 = Release|Any CPU
	EndGlobalSection
	GlobalSection(SolutionProperties) = preSolution
		HideSolutionNode = FALSE
	EndGlobalSection
	GlobalSection(NestedProjects) = preSolution
		{5266A26B-DA74-4A22-B660-3BB7F56BE138} = {E57A56F3-7BAB-4DB5-9CE8-EC91985A6586}
		{5DC17AB4-46C2-4004-93CB-1446201C3AEA} = {E57A56F3-7BAB-4DB5-9CE8-EC91985A6586}
		{31F25250-7CF1-4D9B-B2DF-0B7050D88E54} = {E57A56F3-7BAB-4DB5-9CE8-EC91985A6586}
		{C4935163-9EE3-453A-9937-8F8DC4B8C4C0} = {5DC17AB4-46C2-4004-93CB-1446201C3AEA}
		{81D1403E-24B7-47DD-BD55-1D22B8E7756B} = {E048931D-EC51-448A-A737-3C62CF100813}
		{A0C15329-336C-4F47-9C2B-42F3DDE76ABD} = {5266A26B-DA74-4A22-B660-3BB7F56BE138}
		{FDB770F9-C620-4533-9505-B565184D6F46} = {5DC17AB4-46C2-4004-93CB-1446201C3AEA}
		{24A68EB8-365C-4F76-9B7C-46E3F809BDE8} = {5DC17AB4-46C2-4004-93CB-1446201C3AEA}
		{A3342C19-82CD-4FA1-A3FE-E873341B06CB} = {5266A26B-DA74-4A22-B660-3BB7F56BE138}
		{F3C31683-EF08-4683-AFD0-C58688D95038} = {5266A26B-DA74-4A22-B660-3BB7F56BE138}
		{4C7DD1F7-62DD-4D4E-8BA2-2CB73E52D654} = {5266A26B-DA74-4A22-B660-3BB7F56BE138}
		{F827303E-92C2-46D3-BD8A-50DB8885E6CE} = {E048931D-EC51-448A-A737-3C62CF100813}
		{3D60F886-5D04-4CC4-9DD4-720132392B22} = {5DC17AB4-46C2-4004-93CB-1446201C3AEA}
		{7F94AEA4-3A16-45FF-BF11-5D1218FFC70C} = {5DC17AB4-46C2-4004-93CB-1446201C3AEA}
		{A87228E8-6FA1-47FC-A70C-5A1519A81032} = {5DC17AB4-46C2-4004-93CB-1446201C3AEA}
		{D8B88CAB-7B7F-4766-86BC-5F91E6CB1EC9} = {5DC17AB4-46C2-4004-93CB-1446201C3AEA}
		{02B77A60-9CCD-4DC4-9A8D-02981E8DA730} = {31F25250-7CF1-4D9B-B2DF-0B7050D88E54}
		{7AC38D77-C271-4775-823B-767B56DE0646} = {31F25250-7CF1-4D9B-B2DF-0B7050D88E54}
		{273D1F47-F6AF-4ED5-AAB5-977BD9906B2E} = {E57A56F3-7BAB-4DB5-9CE8-EC91985A6586}
		{95115BF6-F902-4F50-A8FA-6A0F10D1165A} = {273D1F47-F6AF-4ED5-AAB5-977BD9906B2E}
		{C25CE636-1499-48AB-8A20-E6836C81D17B} = {273D1F47-F6AF-4ED5-AAB5-977BD9906B2E}
		{0E214E08-A7C0-477D-96D3-0B7C637F9FFC} = {273D1F47-F6AF-4ED5-AAB5-977BD9906B2E}
		{34B067D7-7126-4B02-A4E8-E1AFC77F3485} = {E048931D-EC51-448A-A737-3C62CF100813}
		{21CF6488-2099-4C54-8AF5-E36B04FB8689} = {31F25250-7CF1-4D9B-B2DF-0B7050D88E54}
		{B192D033-A8A2-4431-9486-949C9A1BA0FD} = {31F25250-7CF1-4D9B-B2DF-0B7050D88E54}
		{5EEB0F25-5A4E-4A68-975C-53E42A959621} = {E57A56F3-7BAB-4DB5-9CE8-EC91985A6586}
		{3C4A6DFA-2F03-4561-A53F-DBE80A813109} = {5DC17AB4-46C2-4004-93CB-1446201C3AEA}
	EndGlobalSection
	GlobalSection(ExtensibilityGlobals) = postSolution
		SolutionGuid = {84CDDCF4-F3D0-45FC-87C5-557845F58F55}
	EndGlobalSection
EndGlobal
